// !$*UTF8*$!
{
	archiveVersion = 1;
	classes = {
	};
	objectVersion = 55;
	objects = {

/* Begin PBXBuildFile section */
		257210BE2A19EC78002723EA /* AppDelegate.swift in Sources */ = {isa = PBXBuildFile; fileRef = 257210BD2A19EC78002723EA /* AppDelegate.swift */; };
		257210C02A19EC78002723EA /* SceneDelegate.swift in Sources */ = {isa = PBXBuildFile; fileRef = 257210BF2A19EC78002723EA /* SceneDelegate.swift */; };
		257210C22A19EC78002723EA /* ViewController.swift in Sources */ = {isa = PBXBuildFile; fileRef = 257210C12A19EC78002723EA /* ViewController.swift */; };
		257210C52A19EC78002723EA /* Main.storyboard in Resources */ = {isa = PBXBuildFile; fileRef = 257210C32A19EC78002723EA /* Main.storyboard */; };
		257210C72A19EC7A002723EA /* Assets.xcassets in Resources */ = {isa = PBXBuildFile; fileRef = 257210C62A19EC7A002723EA /* Assets.xcassets */; };
		257210CA2A19EC7A002723EA /* LaunchScreen.storyboard in Resources */ = {isa = PBXBuildFile; fileRef = 257210C82A19EC7A002723EA /* LaunchScreen.storyboard */; };
		257210D52A19EC7A002723EA /* SecondTestingTests.swift in Sources */ = {isa = PBXBuildFile; fileRef = 257210D42A19EC7A002723EA /* SecondTestingTests.swift */; };
		257210DF2A19EC7A002723EA /* SecondTestingUITests.swift in Sources */ = {isa = PBXBuildFile; fileRef = 257210DE2A19EC7A002723EA /* SecondTestingUITests.swift */; };
		257210E12A19EC7A002723EA /* SecondTestingUITestsLaunchTests.swift in Sources */ = {isa = PBXBuildFile; fileRef = 257210E02A19EC7A002723EA /* SecondTestingUITestsLaunchTests.swift */; };
		257210EF2A1A214A002723EA /* Printer in Frameworks */ = {isa = PBXBuildFile; productRef = 257210EE2A1A214A002723EA /* Printer */; };
		25A4F0162A1C5F0800A9D103 /* ImageViewMyController.swift in Sources */ = {isa = PBXBuildFile; fileRef = 25A4F0152A1C5F0800A9D103 /* ImageViewMyController.swift */; };
/* End PBXBuildFile section */

/* Begin PBXContainerItemProxy section */
		257210D12A19EC7A002723EA /* PBXContainerItemProxy */ = {
			isa = PBXContainerItemProxy;
			containerPortal = 257210B22A19EC78002723EA /* Project object */;
			proxyType = 1;
			remoteGlobalIDString = 257210B92A19EC78002723EA;
			remoteInfo = SecondTesting;
		};
		257210DB2A19EC7A002723EA /* PBXContainerItemProxy */ = {
			isa = PBXContainerItemProxy;
			containerPortal = 257210B22A19EC78002723EA /* Project object */;
			proxyType = 1;
			remoteGlobalIDString = 257210B92A19EC78002723EA;
			remoteInfo = SecondTesting;
		};
/* End PBXContainerItemProxy section */

/* Begin PBXFileReference section */
		257210BA2A19EC78002723EA /* SecondTesting.app */ = {isa = PBXFileReference; explicitFileType = wrapper.application; includeInIndex = 0; path = SecondTesting.app; sourceTree = BUILT_PRODUCTS_DIR; };
		257210BD2A19EC78002723EA /* AppDelegate.swift */ = {isa = PBXFileReference; lastKnownFileType = sourcecode.swift; path = AppDelegate.swift; sourceTree = "<group>"; };
		257210BF2A19EC78002723EA /* SceneDelegate.swift */ = {isa = PBXFileReference; lastKnownFileType = sourcecode.swift; path = SceneDelegate.swift; sourceTree = "<group>"; };
		257210C12A19EC78002723EA /* ViewController.swift */ = {isa = PBXFileReference; lastKnownFileType = sourcecode.swift; path = ViewController.swift; sourceTree = "<group>"; };
		257210C42A19EC78002723EA /* Base */ = {isa = PBXFileReference; lastKnownFileType = file.storyboard; name = Base; path = Base.lproj/Main.storyboard; sourceTree = "<group>"; };
		257210C62A19EC7A002723EA /* Assets.xcassets */ = {isa = PBXFileReference; lastKnownFileType = folder.assetcatalog; path = Assets.xcassets; sourceTree = "<group>"; };
		257210C92A19EC7A002723EA /* Base */ = {isa = PBXFileReference; lastKnownFileType = file.storyboard; name = Base; path = Base.lproj/LaunchScreen.storyboard; sourceTree = "<group>"; };
		257210CB2A19EC7A002723EA /* Info.plist */ = {isa = PBXFileReference; lastKnownFileType = text.plist.xml; path = Info.plist; sourceTree = "<group>"; };
		257210D02A19EC7A002723EA /* SecondTestingTests.xctest */ = {isa = PBXFileReference; explicitFileType = wrapper.cfbundle; includeInIndex = 0; path = SecondTestingTests.xctest; sourceTree = BUILT_PRODUCTS_DIR; };
		257210D42A19EC7A002723EA /* SecondTestingTests.swift */ = {isa = PBXFileReference; lastKnownFileType = sourcecode.swift; path = SecondTestingTests.swift; sourceTree = "<group>"; };
		257210DA2A19EC7A002723EA /* SecondTestingUITests.xctest */ = {isa = PBXFileReference; explicitFileType = wrapper.cfbundle; includeInIndex = 0; path = SecondTestingUITests.xctest; sourceTree = BUILT_PRODUCTS_DIR; };
		257210DE2A19EC7A002723EA /* SecondTestingUITests.swift */ = {isa = PBXFileReference; lastKnownFileType = sourcecode.swift; path = SecondTestingUITests.swift; sourceTree = "<group>"; };
		257210E02A19EC7A002723EA /* SecondTestingUITestsLaunchTests.swift */ = {isa = PBXFileReference; lastKnownFileType = sourcecode.swift; path = SecondTestingUITestsLaunchTests.swift; sourceTree = "<group>"; };
		25A4F0152A1C5F0800A9D103 /* ImageViewMyController.swift */ = {isa = PBXFileReference; lastKnownFileType = sourcecode.swift; path = ImageViewMyController.swift; sourceTree = "<group>"; };
/* End PBXFileReference section */

/* Begin PBXFrameworksBuildPhase section */
		257210B72A19EC78002723EA /* Frameworks */ = {
			isa = PBXFrameworksBuildPhase;
			buildActionMask = 2147483647;
			files = (
				257210EF2A1A214A002723EA /* Printer in Frameworks */,
			);
			runOnlyForDeploymentPostprocessing = 0;
		};
		257210CD2A19EC7A002723EA /* Frameworks */ = {
			isa = PBXFrameworksBuildPhase;
			buildActionMask = 2147483647;
			files = (
			);
			runOnlyForDeploymentPostprocessing = 0;
		};
		257210D72A19EC7A002723EA /* Frameworks */ = {
			isa = PBXFrameworksBuildPhase;
			buildActionMask = 2147483647;
			files = (
			);
			runOnlyForDeploymentPostprocessing = 0;
		};
/* End PBXFrameworksBuildPhase section */

/* Begin PBXGroup section */
		257210B12A19EC78002723EA = {
			isa = PBXGroup;
			children = (
				257210BC2A19EC78002723EA /* SecondTesting */,
				257210D32A19EC7A002723EA /* SecondTestingTests */,
				257210DD2A19EC7A002723EA /* SecondTestingUITests */,
				257210BB2A19EC78002723EA /* Products */,
			);
			sourceTree = "<group>";
		};
		257210BB2A19EC78002723EA /* Products */ = {
			isa = PBXGroup;
			children = (
				257210BA2A19EC78002723EA /* SecondTesting.app */,
				257210D02A19EC7A002723EA /* SecondTestingTests.xctest */,
				257210DA2A19EC7A002723EA /* SecondTestingUITests.xctest */,
			);
			name = Products;
			sourceTree = "<group>";
		};
		257210BC2A19EC78002723EA /* SecondTesting */ = {
			isa = PBXGroup;
			children = (
				257210BD2A19EC78002723EA /* AppDelegate.swift */,
				257210BF2A19EC78002723EA /* SceneDelegate.swift */,
				25A4F0152A1C5F0800A9D103 /* ImageViewMyController.swift */,
				257210C12A19EC78002723EA /* ViewController.swift */,
				257210C32A19EC78002723EA /* Main.storyboard */,
				257210C62A19EC7A002723EA /* Assets.xcassets */,
				257210C82A19EC7A002723EA /* LaunchScreen.storyboard */,
				257210CB2A19EC7A002723EA /* Info.plist */,
			);
			path = SecondTesting;
			sourceTree = "<group>";
		};
		257210D32A19EC7A002723EA /* SecondTestingTests */ = {
			isa = PBXGroup;
			children = (
				257210D42A19EC7A002723EA /* SecondTestingTests.swift */,
			);
			path = SecondTestingTests;
			sourceTree = "<group>";
		};
		257210DD2A19EC7A002723EA /* SecondTestingUITests */ = {
			isa = PBXGroup;
			children = (
				257210DE2A19EC7A002723EA /* SecondTestingUITests.swift */,
				257210E02A19EC7A002723EA /* SecondTestingUITestsLaunchTests.swift */,
			);
			path = SecondTestingUITests;
			sourceTree = "<group>";
		};
/* End PBXGroup section */

/* Begin PBXNativeTarget section */
		257210B92A19EC78002723EA /* SecondTesting */ = {
			isa = PBXNativeTarget;
			buildConfigurationList = 257210E42A19EC7A002723EA /* Build configuration list for PBXNativeTarget "SecondTesting" */;
			buildPhases = (
				257210B62A19EC78002723EA /* Sources */,
				257210B72A19EC78002723EA /* Frameworks */,
				257210B82A19EC78002723EA /* Resources */,
			);
			buildRules = (
			);
			dependencies = (
			);
			name = SecondTesting;
			packageProductDependencies = (
				257210EE2A1A214A002723EA /* Printer */,
			);
			productName = SecondTesting;
			productReference = 257210BA2A19EC78002723EA /* SecondTesting.app */;
			productType = "com.apple.product-type.application";
		};
		257210CF2A19EC7A002723EA /* SecondTestingTests */ = {
			isa = PBXNativeTarget;
			buildConfigurationList = 257210E72A19EC7A002723EA /* Build configuration list for PBXNativeTarget "SecondTestingTests" */;
			buildPhases = (
				257210CC2A19EC7A002723EA /* Sources */,
				257210CD2A19EC7A002723EA /* Frameworks */,
				257210CE2A19EC7A002723EA /* Resources */,
			);
			buildRules = (
			);
			dependencies = (
				257210D22A19EC7A002723EA /* PBXTargetDependency */,
			);
			name = SecondTestingTests;
			productName = SecondTestingTests;
			productReference = 257210D02A19EC7A002723EA /* SecondTestingTests.xctest */;
			productType = "com.apple.product-type.bundle.unit-test";
		};
		257210D92A19EC7A002723EA /* SecondTestingUITests */ = {
			isa = PBXNativeTarget;
			buildConfigurationList = 257210EA2A19EC7A002723EA /* Build configuration list for PBXNativeTarget "SecondTestingUITests" */;
			buildPhases = (
				257210D62A19EC7A002723EA /* Sources */,
				257210D72A19EC7A002723EA /* Frameworks */,
				257210D82A19EC7A002723EA /* Resources */,
			);
			buildRules = (
			);
			dependencies = (
				257210DC2A19EC7A002723EA /* PBXTargetDependency */,
			);
			name = SecondTestingUITests;
			productName = SecondTestingUITests;
			productReference = 257210DA2A19EC7A002723EA /* SecondTestingUITests.xctest */;
			productType = "com.apple.product-type.bundle.ui-testing";
		};
/* End PBXNativeTarget section */

/* Begin PBXProject section */
		257210B22A19EC78002723EA /* Project object */ = {
			isa = PBXProject;
			attributes = {
				BuildIndependentTargetsInParallel = 1;
				LastSwiftUpdateCheck = 1310;
				LastUpgradeCheck = 1310;
				TargetAttributes = {
					257210B92A19EC78002723EA = {
						CreatedOnToolsVersion = 13.1;
					};
					257210CF2A19EC7A002723EA = {
						CreatedOnToolsVersion = 13.1;
						TestTargetID = 257210B92A19EC78002723EA;
					};
					257210D92A19EC7A002723EA = {
						CreatedOnToolsVersion = 13.1;
						TestTargetID = 257210B92A19EC78002723EA;
					};
				};
			};
			buildConfigurationList = 257210B52A19EC78002723EA /* Build configuration list for PBXProject "SecondTesting" */;
			compatibilityVersion = "Xcode 13.0";
			developmentRegion = en;
			hasScannedForEncodings = 0;
			knownRegions = (
				en,
				Base,
			);
			mainGroup = 257210B12A19EC78002723EA;
			packageReferences = (
				257210ED2A1A214A002723EA /* XCRemoteSwiftPackageReference "Printer" */,
			);
			productRefGroup = 257210BB2A19EC78002723EA /* Products */;
			projectDirPath = "";
			projectRoot = "";
			targets = (
				257210B92A19EC78002723EA /* SecondTesting */,
				257210CF2A19EC7A002723EA /* SecondTestingTests */,
				257210D92A19EC7A002723EA /* SecondTestingUITests */,
			);
		};
/* End PBXProject section */

/* Begin PBXResourcesBuildPhase section */
		257210B82A19EC78002723EA /* Resources */ = {
			isa = PBXResourcesBuildPhase;
			buildActionMask = 2147483647;
			files = (
				257210CA2A19EC7A002723EA /* LaunchScreen.storyboard in Resources */,
				257210C72A19EC7A002723EA /* Assets.xcassets in Resources */,
				257210C52A19EC78002723EA /* Main.storyboard in Resources */,
			);
			runOnlyForDeploymentPostprocessing = 0;
		};
		257210CE2A19EC7A002723EA /* Resources */ = {
			isa = PBXResourcesBuildPhase;
			buildActionMask = 2147483647;
			files = (
			);
			runOnlyForDeploymentPostprocessing = 0;
		};
		257210D82A19EC7A002723EA /* Resources */ = {
			isa = PBXResourcesBuildPhase;
			buildActionMask = 2147483647;
			files = (
			);
			runOnlyForDeploymentPostprocessing = 0;
		};
/* End PBXResourcesBuildPhase section */

/* Begin PBXSourcesBuildPhase section */
		257210B62A19EC78002723EA /* Sources */ = {
			isa = PBXSourcesBuildPhase;
			buildActionMask = 2147483647;
			files = (
				257210C22A19EC78002723EA /* ViewController.swift in Sources */,
				257210BE2A19EC78002723EA /* AppDelegate.swift in Sources */,
				25A4F0162A1C5F0800A9D103 /* ImageViewMyController.swift in Sources */,
				257210C02A19EC78002723EA /* SceneDelegate.swift in Sources */,
			);
			runOnlyForDeploymentPostprocessing = 0;
		};
		257210CC2A19EC7A002723EA /* Sources */ = {
			isa = PBXSourcesBuildPhase;
			buildActionMask = 2147483647;
			files = (
				257210D52A19EC7A002723EA /* SecondTestingTests.swift in Sources */,
			);
			runOnlyForDeploymentPostprocessing = 0;
		};
		257210D62A19EC7A002723EA /* Sources */ = {
			isa = PBXSourcesBuildPhase;
			buildActionMask = 2147483647;
			files = (
				257210DF2A19EC7A002723EA /* SecondTestingUITests.swift in Sources */,
				257210E12A19EC7A002723EA /* SecondTestingUITestsLaunchTests.swift in Sources */,
			);
			runOnlyForDeploymentPostprocessing = 0;
		};
/* End PBXSourcesBuildPhase section */

/* Begin PBXTargetDependency section */
		257210D22A19EC7A002723EA /* PBXTargetDependency */ = {
			isa = PBXTargetDependency;
			target = 257210B92A19EC78002723EA /* SecondTesting */;
			targetProxy = 257210D12A19EC7A002723EA /* PBXContainerItemProxy */;
		};
		257210DC2A19EC7A002723EA /* PBXTargetDependency */ = {
			isa = PBXTargetDependency;
			target = 257210B92A19EC78002723EA /* SecondTesting */;
			targetProxy = 257210DB2A19EC7A002723EA /* PBXContainerItemProxy */;
		};
/* End PBXTargetDependency section */

/* Begin PBXVariantGroup section */
		257210C32A19EC78002723EA /* Main.storyboard */ = {
			isa = PBXVariantGroup;
			children = (
				257210C42A19EC78002723EA /* Base */,
			);
			name = Main.storyboard;
			sourceTree = "<group>";
		};
		257210C82A19EC7A002723EA /* LaunchScreen.storyboard */ = {
			isa = PBXVariantGroup;
			children = (
				257210C92A19EC7A002723EA /* Base */,
			);
			name = LaunchScreen.storyboard;
			sourceTree = "<group>";
		};
/* End PBXVariantGroup section */

/* Begin XCBuildConfiguration section */
		257210E22A19EC7A002723EA /* Debug */ = {
			isa = XCBuildConfiguration;
			buildSettings = {
				ALWAYS_SEARCH_USER_PATHS = NO;
				CLANG_ANALYZER_NONNULL = YES;
				CLANG_ANALYZER_NUMBER_OBJECT_CONVERSION = YES_AGGRESSIVE;
				CLANG_CXX_LANGUAGE_STANDARD = "gnu++17";
				CLANG_CXX_LIBRARY = "libc++";
				CLANG_ENABLE_MODULES = YES;
				CLANG_ENABLE_OBJC_ARC = YES;
				CLANG_ENABLE_OBJC_WEAK = YES;
				CLANG_WARN_BLOCK_CAPTURE_AUTORELEASING = YES;
				CLANG_WARN_BOOL_CONVERSION = YES;
				CLANG_WARN_COMMA = YES;
				CLANG_WARN_CONSTANT_CONVERSION = YES;
				CLANG_WARN_DEPRECATED_OBJC_IMPLEMENTATIONS = YES;
				CLANG_WARN_DIRECT_OBJC_ISA_USAGE = YES_ERROR;
				CLANG_WARN_DOCUMENTATION_COMMENTS = YES;
				CLANG_WARN_EMPTY_BODY = YES;
				CLANG_WARN_ENUM_CONVERSION = YES;
				CLANG_WARN_INFINITE_RECURSION = YES;
				CLANG_WARN_INT_CONVERSION = YES;
				CLANG_WARN_NON_LITERAL_NULL_CONVERSION = YES;
				CLANG_WARN_OBJC_IMPLICIT_RETAIN_SELF = YES;
				CLANG_WARN_OBJC_LITERAL_CONVERSION = YES;
				CLANG_WARN_OBJC_ROOT_CLASS = YES_ERROR;
				CLANG_WARN_QUOTED_INCLUDE_IN_FRAMEWORK_HEADER = YES;
				CLANG_WARN_RANGE_LOOP_ANALYSIS = YES;
				CLANG_WARN_STRICT_PROTOTYPES = YES;
				CLANG_WARN_SUSPICIOUS_MOVE = YES;
				CLANG_WARN_UNGUARDED_AVAILABILITY = YES_AGGRESSIVE;
				CLANG_WARN_UNREACHABLE_CODE = YES;
				CLANG_WARN__DUPLICATE_METHOD_MATCH = YES;
				COPY_PHASE_STRIP = NO;
				DEBUG_INFORMATION_FORMAT = dwarf;
				ENABLE_STRICT_OBJC_MSGSEND = YES;
				ENABLE_TESTABILITY = YES;
				GCC_C_LANGUAGE_STANDARD = gnu11;
				GCC_DYNAMIC_NO_PIC = NO;
				GCC_NO_COMMON_BLOCKS = YES;
				GCC_OPTIMIZATION_LEVEL = 0;
				GCC_PREPROCESSOR_DEFINITIONS = (
					"DEBUG=1",
					"$(inherited)",
				);
				GCC_WARN_64_TO_32_BIT_CONVERSION = YES;
				GCC_WARN_ABOUT_RETURN_TYPE = YES_ERROR;
				GCC_WARN_UNDECLARED_SELECTOR = YES;
				GCC_WARN_UNINITIALIZED_AUTOS = YES_AGGRESSIVE;
				GCC_WARN_UNUSED_FUNCTION = YES;
				GCC_WARN_UNUSED_VARIABLE = YES;
				IPHONEOS_DEPLOYMENT_TARGET = 15.0;
				MTL_ENABLE_DEBUG_INFO = INCLUDE_SOURCE;
				MTL_FAST_MATH = YES;
				ONLY_ACTIVE_ARCH = YES;
				SDKROOT = iphoneos;
				SWIFT_ACTIVE_COMPILATION_CONDITIONS = DEBUG;
				SWIFT_OPTIMIZATION_LEVEL = "-Onone";
			};
			name = Debug;
		};
		257210E32A19EC7A002723EA /* Release */ = {
			isa = XCBuildConfiguration;
			buildSettings = {
				ALWAYS_SEARCH_USER_PATHS = NO;
				CLANG_ANALYZER_NONNULL = YES;
				CLANG_ANALYZER_NUMBER_OBJECT_CONVERSION = YES_AGGRESSIVE;
				CLANG_CXX_LANGUAGE_STANDARD = "gnu++17";
				CLANG_CXX_LIBRARY = "libc++";
				CLANG_ENABLE_MODULES = YES;
				CLANG_ENABLE_OBJC_ARC = YES;
				CLANG_ENABLE_OBJC_WEAK = YES;
				CLANG_WARN_BLOCK_CAPTURE_AUTORELEASING = YES;
				CLANG_WARN_BOOL_CONVERSION = YES;
				CLANG_WARN_COMMA = YES;
				CLANG_WARN_CONSTANT_CONVERSION = YES;
				CLANG_WARN_DEPRECATED_OBJC_IMPLEMENTATIONS = YES;
				CLANG_WARN_DIRECT_OBJC_ISA_USAGE = YES_ERROR;
				CLANG_WARN_DOCUMENTATION_COMMENTS = YES;
				CLANG_WARN_EMPTY_BODY = YES;
				CLANG_WARN_ENUM_CONVERSION = YES;
				CLANG_WARN_INFINITE_RECURSION = YES;
				CLANG_WARN_INT_CONVERSION = YES;
				CLANG_WARN_NON_LITERAL_NULL_CONVERSION = YES;
				CLANG_WARN_OBJC_IMPLICIT_RETAIN_SELF = YES;
				CLANG_WARN_OBJC_LITERAL_CONVERSION = YES;
				CLANG_WARN_OBJC_ROOT_CLASS = YES_ERROR;
				CLANG_WARN_QUOTED_INCLUDE_IN_FRAMEWORK_HEADER = YES;
				CLANG_WARN_RANGE_LOOP_ANALYSIS = YES;
				CLANG_WARN_STRICT_PROTOTYPES = YES;
				CLANG_WARN_SUSPICIOUS_MOVE = YES;
				CLANG_WARN_UNGUARDED_AVAILABILITY = YES_AGGRESSIVE;
				CLANG_WARN_UNREACHABLE_CODE = YES;
				CLANG_WARN__DUPLICATE_METHOD_MATCH = YES;
				COPY_PHASE_STRIP = NO;
				DEBUG_INFORMATION_FORMAT = "dwarf-with-dsym";
				ENABLE_NS_ASSERTIONS = NO;
				ENABLE_STRICT_OBJC_MSGSEND = YES;
				GCC_C_LANGUAGE_STANDARD = gnu11;
				GCC_NO_COMMON_BLOCKS = YES;
				GCC_WARN_64_TO_32_BIT_CONVERSION = YES;
				GCC_WARN_ABOUT_RETURN_TYPE = YES_ERROR;
				GCC_WARN_UNDECLARED_SELECTOR = YES;
				GCC_WARN_UNINITIALIZED_AUTOS = YES_AGGRESSIVE;
				GCC_WARN_UNUSED_FUNCTION = YES;
				GCC_WARN_UNUSED_VARIABLE = YES;
				IPHONEOS_DEPLOYMENT_TARGET = 15.0;
				MTL_ENABLE_DEBUG_INFO = NO;
				MTL_FAST_MATH = YES;
				SDKROOT = iphoneos;
				SWIFT_COMPILATION_MODE = wholemodule;
				SWIFT_OPTIMIZATION_LEVEL = "-O";
				VALIDATE_PRODUCT = YES;
			};
			name = Release;
		};
		257210E52A19EC7A002723EA /* Debug */ = {
			isa = XCBuildConfiguration;
			buildSettings = {
				ASSETCATALOG_COMPILER_APPICON_NAME = AppIcon;
				ASSETCATALOG_COMPILER_GLOBAL_ACCENT_COLOR_NAME = AccentColor;
				CODE_SIGN_STYLE = Automatic;
				CURRENT_PROJECT_VERSION = 1;
				DEVELOPMENT_TEAM = V23C68N65J;
				GENERATE_INFOPLIST_FILE = YES;
				INFOPLIST_FILE = SecondTesting/Info.plist;
				INFOPLIST_KEY_LSApplicationCategoryType = "";
				INFOPLIST_KEY_NSBluetoothAlwaysUsageDescription = "";
				INFOPLIST_KEY_UIApplicationSupportsIndirectInputEvents = YES;
				INFOPLIST_KEY_UILaunchStoryboardName = LaunchScreen;
				INFOPLIST_KEY_UIMainStoryboardFile = Main;
				INFOPLIST_KEY_UISupportedInterfaceOrientations_iPad = "UIInterfaceOrientationPortrait UIInterfaceOrientationPortraitUpsideDown UIInterfaceOrientationLandscapeLeft UIInterfaceOrientationLandscapeRight";
				INFOPLIST_KEY_UISupportedInterfaceOrientations_iPhone = "UIInterfaceOrientationPortrait UIInterfaceOrientationLandscapeLeft UIInterfaceOrientationLandscapeRight";
				LD_RUNPATH_SEARCH_PATHS = (
					"$(inherited)",
					"@executable_path/Frameworks",
				);
				MARKETING_VERSION = 1.0;
				PRODUCT_BUNDLE_IDENTIFIER = com.tht.SecondTesting;
				PRODUCT_NAME = "$(TARGET_NAME)";
				SWIFT_EMIT_LOC_STRINGS = YES;
				SWIFT_VERSION = 5.0;
				TARGETED_DEVICE_FAMILY = "1,2";
			};
			name = Debug;
		};
		257210E62A19EC7A002723EA /* Release */ = {
			isa = XCBuildConfiguration;
			buildSettings = {
				ASSETCATALOG_COMPILER_APPICON_NAME = AppIcon;
				ASSETCATALOG_COMPILER_GLOBAL_ACCENT_COLOR_NAME = AccentColor;
				CODE_SIGN_STYLE = Automatic;
				CURRENT_PROJECT_VERSION = 1;
				DEVELOPMENT_TEAM = V23C68N65J;
				GENERATE_INFOPLIST_FILE = YES;
				INFOPLIST_FILE = SecondTesting/Info.plist;
				INFOPLIST_KEY_LSApplicationCategoryType = "";
				INFOPLIST_KEY_NSBluetoothAlwaysUsageDescription = "";
				INFOPLIST_KEY_UIApplicationSupportsIndirectInputEvents = YES;
				INFOPLIST_KEY_UILaunchStoryboardName = LaunchScreen;
				INFOPLIST_KEY_UIMainStoryboardFile = Main;
				INFOPLIST_KEY_UISupportedInterfaceOrientations_iPad = "UIInterfaceOrientationPortrait UIInterfaceOrientationPortraitUpsideDown UIInterfaceOrientationLandscapeLeft UIInterfaceOrientationLandscapeRight";
				INFOPLIST_KEY_UISupportedInterfaceOrientations_iPhone = "UIInterfaceOrientationPortrait UIInterfaceOrientationLandscapeLeft UIInterfaceOrientationLandscapeRight";
				LD_RUNPATH_SEARCH_PATHS = (
					"$(inherited)",
					"@executable_path/Frameworks",
				);
				MARKETING_VERSION = 1.0;
				PRODUCT_BUNDLE_IDENTIFIER = com.tht.SecondTesting;
				PRODUCT_NAME = "$(TARGET_NAME)";
				SWIFT_EMIT_LOC_STRINGS = YES;
				SWIFT_VERSION = 5.0;
				TARGETED_DEVICE_FAMILY = "1,2";
			};
			name = Release;
		};
		257210E82A19EC7A002723EA /* Debug */ = {
			isa = XCBuildConfiguration;
			buildSettings = {
				ALWAYS_EMBED_SWIFT_STANDARD_LIBRARIES = YES;
				BUNDLE_LOADER = "$(TEST_HOST)";
				CODE_SIGN_STYLE = Automatic;
				CURRENT_PROJECT_VERSION = 1;
				DEVELOPMENT_TEAM = V23C68N65J;
				GENERATE_INFOPLIST_FILE = YES;
				IPHONEOS_DEPLOYMENT_TARGET = 15.0;
				LD_RUNPATH_SEARCH_PATHS = (
					"$(inherited)",
					"@executable_path/Frameworks",
					"@loader_path/Frameworks",
				);
				MARKETING_VERSION = 1.0;
				PRODUCT_BUNDLE_IDENTIFIER = com.tht.SecondTestingTests;
				PRODUCT_NAME = "$(TARGET_NAME)";
				SWIFT_EMIT_LOC_STRINGS = NO;
				SWIFT_VERSION = 5.0;
				TARGETED_DEVICE_FAMILY = "1,2";
				TEST_HOST = "$(BUILT_PRODUCTS_DIR)/SecondTesting.app/SecondTesting";
			};
			name = Debug;
		};
		257210E92A19EC7A002723EA /* Release */ = {
			isa = XCBuildConfiguration;
			buildSettings = {
				ALWAYS_EMBED_SWIFT_STANDARD_LIBRARIES = YES;
				BUNDLE_LOADER = "$(TEST_HOST)";
				CODE_SIGN_STYLE = Automatic;
				CURRENT_PROJECT_VERSION = 1;
				DEVELOPMENT_TEAM = V23C68N65J;
				GENERATE_INFOPLIST_FILE = YES;
				IPHONEOS_DEPLOYMENT_TARGET = 15.0;
				LD_RUNPATH_SEARCH_PATHS = (
					"$(inherited)",
					"@executable_path/Frameworks",
					"@loader_path/Frameworks",
				);
				MARKETING_VERSION = 1.0;
				PRODUCT_BUNDLE_IDENTIFIER = com.tht.SecondTestingTests;
				PRODUCT_NAME = "$(TARGET_NAME)";
				SWIFT_EMIT_LOC_STRINGS = NO;
				SWIFT_VERSION = 5.0;
				TARGETED_DEVICE_FAMILY = "1,2";
				TEST_HOST = "$(BUILT_PRODUCTS_DIR)/SecondTesting.app/SecondTesting";
			};
			name = Release;
		};
		257210EB2A19EC7A002723EA /* Debug */ = {
			isa = XCBuildConfiguration;
			buildSettings = {
				ALWAYS_EMBED_SWIFT_STANDARD_LIBRARIES = YES;
				CODE_SIGN_STYLE = Automatic;
				CURRENT_PROJECT_VERSION = 1;
				DEVELOPMENT_TEAM = V23C68N65J;
				GENERATE_INFOPLIST_FILE = YES;
				LD_RUNPATH_SEARCH_PATHS = (
					"$(inherited)",
					"@executable_path/Frameworks",
					"@loader_path/Frameworks",
				);
				MARKETING_VERSION = 1.0;
				PRODUCT_BUNDLE_IDENTIFIER = com.tht.SecondTestingUITests;
				PRODUCT_NAME = "$(TARGET_NAME)";
				SWIFT_EMIT_LOC_STRINGS = NO;
				SWIFT_VERSION = 5.0;
				TARGETED_DEVICE_FAMILY = "1,2";
				TEST_TARGET_NAME = SecondTesting;
			};
			name = Debug;
		};
		257210EC2A19EC7A002723EA /* Release */ = {
			isa = XCBuildConfiguration;
			buildSettings = {
				ALWAYS_EMBED_SWIFT_STANDARD_LIBRARIES = YES;
				CODE_SIGN_STYLE = Automatic;
				CURRENT_PROJECT_VERSION = 1;
				DEVELOPMENT_TEAM = V23C68N65J;
				GENERATE_INFOPLIST_FILE = YES;
				LD_RUNPATH_SEARCH_PATHS = (
					"$(inherited)",
					"@executable_path/Frameworks",
					"@loader_path/Frameworks",
				);
				MARKETING_VERSION = 1.0;
				PRODUCT_BUNDLE_IDENTIFIER = com.tht.SecondTestingUITests;
				PRODUCT_NAME = "$(TARGET_NAME)";
				SWIFT_EMIT_LOC_STRINGS = NO;
				SWIFT_VERSION = 5.0;
				TARGETED_DEVICE_FAMILY = "1,2";
				TEST_TARGET_NAME = SecondTesting;
			};
			name = Release;
		};
/* End XCBuildConfiguration section */

/* Begin XCConfigurationList section */
		257210B52A19EC78002723EA /* Build configuration list for PBXProject "SecondTesting" */ = {
			isa = XCConfigurationList;
			buildConfigurations = (
				257210E22A19EC7A002723EA /* Debug */,
				257210E32A19EC7A002723EA /* Release */,
			);
			defaultConfigurationIsVisible = 0;
			defaultConfigurationName = Release;
		};
		257210E42A19EC7A002723EA /* Build configuration list for PBXNativeTarget "SecondTesting" */ = {
			isa = XCConfigurationList;
			buildConfigurations = (
				257210E52A19EC7A002723EA /* Debug */,
				257210E62A19EC7A002723EA /* Release */,
			);
			defaultConfigurationIsVisible = 0;
			defaultConfigurationName = Release;
		};
		257210E72A19EC7A002723EA /* Build configuration list for PBXNativeTarget "SecondTestingTests" */ = {
			isa = XCConfigurationList;
			buildConfigurations = (
				257210E82A19EC7A002723EA /* Debug */,
				257210E92A19EC7A002723EA /* Release */,
			);
			defaultConfigurationIsVisible = 0;
			defaultConfigurationName = Release;
		};
		257210EA2A19EC7A002723EA /* Build configuration list for PBXNativeTarget "SecondTestingUITests" */ = {
			isa = XCConfigurationList;
			buildConfigurations = (
				257210EB2A19EC7A002723EA /* Debug */,
				257210EC2A19EC7A002723EA /* Release */,
			);
			defaultConfigurationIsVisible = 0;
			defaultConfigurationName = Release;
		};
/* End XCConfigurationList section */

/* Begin XCRemoteSwiftPackageReference section */
		257210ED2A1A214A002723EA /* XCRemoteSwiftPackageReference "Printer" */ = {
			isa = XCRemoteSwiftPackageReference;
			repositoryURL = "https://github.com/KevinGong2013/Printer.git";
			requirement = {
				branch = refactor;
				kind = branch;
			};
		};
/* End XCRemoteSwiftPackageReference section */

/* Begin XCSwiftPackageProductDependency section */
		257210EE2A1A214A002723EA /* Printer */ = {
			isa = XCSwiftPackageProductDependency;
			package = 257210ED2A1A214A002723EA /* XCRemoteSwiftPackageReference "Printer" */;
			productName = Printer;
		};
/* End XCSwiftPackageProductDependency section */
	};
	rootObject = 257210B22A19EC78002723EA /* Project object */;
}
